
Microsoft Visual Studio Solution File, Format Version 12.00
# Visual Studio Version 17
VisualStudioVersion = 17.2.32616.157
MinimumVisualStudioVersion = 10.0.40219.1
Project("{FAE04EC0-301F-11D3-BF4B-00C04F79EFBC}") = "empsystem", "empsystem\empsystem.csproj", "{0673127A-D3A9-4086-A6AC-938A652401CB}"
EndProject
Global
	GlobalSection(SolutionConfigurationPlatforms) = preSolution
		Debug|Any CPU = Debug|Any CPU
		Release|Any CPU = Release|Any CPU
	EndGlobalSection
	GlobalSection(ProjectConfigurationPlatforms) = postSolution
		{0673127A-D3A9-4086-A6AC-938A652401CB}.Debug|Any CPU.ActiveCfg = Debug|Any CPU
		{0673127A-D3A9-4086-A6AC-938A652401CB}.Debug|Any CPU.Build.0 = Debug|Any CPU
		{0673127A-D3A9-4086-A6AC-938A652401CB}.Release|Any CPU.ActiveCfg = Release|Any CPU
		{0673127A-D3A9-4086-A6AC-938A652401CB}.Release|Any CPU.Build.0 = Release|Any CPU
	EndGlobalSection
	GlobalSection(SolutionProperties) = preSolution
		HideSolutionNode = FALSE
	EndGlobalSection
	GlobalSection(ExtensibilityGlobals) = postSolution
		SolutionGuid = {F589E3DE-7B53-4F61-96C7-890E1737AB95}
	EndGlobalSection
EndGlobal
